
Microsoft Visual Studio Solution File, Format Version 12.00
# Visual Studio Version 16
VisualStudioVersion = 16.0.29424.173
MinimumVisualStudioVersion = 10.0.40219.1
Project("{9A19103F-16F7-4668-BE54-9A1E7A4F7556}") = "function-plotter", "function-plotter.csproj", "{3424171B-B7AF-47FD-B2F1-AB3F154669B8}"
EndProject
Project("{FAE04EC0-301F-11D3-BF4B-00C04F79EFBC}") = "function-plotter.Tests", "..\function-plotter.Tests\function-plotter.Tests.csproj", "{D8956037-D361-4B9E-A75E-A190B4FF7761}"
EndProject
Global
	GlobalSection(SolutionConfigurationPlatforms) = preSolution
		Debug|Any CPU = Debug|Any CPU
		Release|Any CPU = Release|Any CPU
	EndGlobalSection
	GlobalSection(ProjectConfigurationPlatforms) = postSolution
		{3424171B-B7AF-47FD-B2F1-AB3F154669B8}.Debug|Any CPU.ActiveCfg = Debug|Any CPU
		{3424171B-B7AF-47FD-B2F1-AB3F154669B8}.Debug|Any CPU.Build.0 = Debug|Any CPU
		{3424171B-B7AF-47FD-B2F1-AB3F154669B8}.Release|Any CPU.ActiveCfg = Release|Any CPU
		{3424171B-B7AF-47FD-B2F1-AB3F154669B8}.Release|Any CPU.Build.0 = Release|Any CPU
		{D8956037-D361-4B9E-A75E-A190B4FF7761}.Debug|Any CPU.ActiveCfg = Debug|Any CPU
		{D8956037-D361-4B9E-A75E-A190B4FF7761}.Debug|Any CPU.Build.0 = Debug|Any CPU
		{D8956037-D361-4B9E-A75E-A190B4FF7761}.Release|Any CPU.ActiveCfg = Release|Any CPU
		{D8956037-D361-4B9E-A75E-A190B4FF7761}.Release|Any CPU.Build.0 = Release|Any CPU
	EndGlobalSection
	GlobalSection(SolutionProperties) = preSolution
		HideSolutionNode = FALSE
	EndGlobalSection
	GlobalSection(ExtensibilityGlobals) = postSolution
		SolutionGuid = {DB09DDB4-C0B4-4CAD-A7A4-F83587787BEC}
	EndGlobalSection
EndGlobal
